// !$*UTF8*$!
{
	archiveVersion = 1;
	classes = {
	};
	objectVersion = 46;
	objects = {

/* Begin PBXBuildFile section */
		7B0109241EEECC8C0058D3E1 /* MovieFactory.swift in Sources */ = {isa = PBXBuildFile; fileRef = 7B0109231EEECC8C0058D3E1 /* MovieFactory.swift */; };
		7B10B46C1EEBC7010014020A /* TimeLineRulerView.swift in Sources */ = {isa = PBXBuildFile; fileRef = 7B10B46B1EEBC7010014020A /* TimeLineRulerView.swift */; };
		7B10B4791EEC246F0014020A /* ProjectData.swift in Sources */ = {isa = PBXBuildFile; fileRef = 7B10B4781EEC246F0014020A /* ProjectData.swift */; };
		7B10B47B1EEC34B10014020A /* MainWindowController.swift in Sources */ = {isa = PBXBuildFile; fileRef = 7B10B47A1EEC34B10014020A /* MainWindowController.swift */; };
		7B240BB81EE82836001F2500 /* EditView.swift in Sources */ = {isa = PBXBuildFile; fileRef = 7B240BB71EE82836001F2500 /* EditView.swift */; };
		7B851F4A1F74D2260033742F /* PropertyCheckboxView.xib in Resources */ = {isa = PBXBuildFile; fileRef = 7B851F491F74D2260033742F /* PropertyCheckboxView.xib */; };
		7BB993A71F5BB4AC0086C0A6 /* PropertyView.swift in Sources */ = {isa = PBXBuildFile; fileRef = 7BB993A61F5BB4AC0086C0A6 /* PropertyView.swift */; };
		7BB993AB1F5BB6D40086C0A6 /* PropertyValueView.xib in Resources */ = {isa = PBXBuildFile; fileRef = 7BB993AA1F5BB6D40086C0A6 /* PropertyValueView.xib */; };
		7BB993AD1F5BB7880086C0A6 /* PropertyColorView.xib in Resources */ = {isa = PBXBuildFile; fileRef = 7BB993AC1F5BB7880086C0A6 /* PropertyColorView.xib */; };
		7BB993AF1F5BB8CA0086C0A6 /* PropertyFileReferenceView.xib in Resources */ = {isa = PBXBuildFile; fileRef = 7BB993AE1F5BB8CA0086C0A6 /* PropertyFileReferenceView.xib */; };
		7BB993B11F5BB9400086C0A6 /* PropertyTextFieldView.xib in Resources */ = {isa = PBXBuildFile; fileRef = 7BB993B01F5BB9400086C0A6 /* PropertyTextFieldView.xib */; };
		7BB993B31F5BB9D30086C0A6 /* PropertyBezierValueControllerWindow.xib in Resources */ = {isa = PBXBuildFile; fileRef = 7BB993B21F5BB9D30086C0A6 /* PropertyBezierValueControllerWindow.xib */; };
		7BD12DB01EE6C0E50017D6A8 /* AppDelegate.swift in Sources */ = {isa = PBXBuildFile; fileRef = 7BD12DAF1EE6C0E50017D6A8 /* AppDelegate.swift */; };
		7BD12DB21EE6C0E50017D6A8 /* ViewController.swift in Sources */ = {isa = PBXBuildFile; fileRef = 7BD12DB11EE6C0E50017D6A8 /* ViewController.swift */; };
		7BD12DB41EE6C0E50017D6A8 /* Document.swift in Sources */ = {isa = PBXBuildFile; fileRef = 7BD12DB31EE6C0E50017D6A8 /* Document.swift */; };
		7BD12DB61EE6C0E50017D6A8 /* Assets.xcassets in Resources */ = {isa = PBXBuildFile; fileRef = 7BD12DB51EE6C0E50017D6A8 /* Assets.xcassets */; };
		7BD12DB91EE6C0E50017D6A8 /* Main.storyboard in Resources */ = {isa = PBXBuildFile; fileRef = 7BD12DB71EE6C0E50017D6A8 /* Main.storyboard */; };
		7BD12DC31EE6C1660017D6A8 /* TimeLineObject.swift in Sources */ = {isa = PBXBuildFile; fileRef = 7BD12DC21EE6C1660017D6A8 /* TimeLineObject.swift */; };
		7BD12DCD1EE6C1DA0017D6A8 /* CoreAudio.framework in Frameworks */ = {isa = PBXBuildFile; fileRef = 7BD12DC91EE6C1DA0017D6A8 /* CoreAudio.framework */; };
		7BD12DCE1EE6C1DA0017D6A8 /* CoreGraphics.framework in Frameworks */ = {isa = PBXBuildFile; fileRef = 7BD12DCA1EE6C1DA0017D6A8 /* CoreGraphics.framework */; };
		7BD12DCF1EE6C1DA0017D6A8 /* CoreText.framework in Frameworks */ = {isa = PBXBuildFile; fileRef = 7BD12DCB1EE6C1DA0017D6A8 /* CoreText.framework */; };
		7BD12DD01EE6C1DA0017D6A8 /* QuartzCore.framework in Frameworks */ = {isa = PBXBuildFile; fileRef = 7BD12DCC1EE6C1DA0017D6A8 /* QuartzCore.framework */; };
		7BD12DD31EE6C1E10017D6A8 /* AVFoundation.framework in Frameworks */ = {isa = PBXBuildFile; fileRef = 7BD12DD11EE6C1E10017D6A8 /* AVFoundation.framework */; };
		7BD12DD41EE6C1E10017D6A8 /* AVKit.framework in Frameworks */ = {isa = PBXBuildFile; fileRef = 7BD12DD21EE6C1E10017D6A8 /* AVKit.framework */; };
		7BD12DD61EE6C45E0017D6A8 /* MovUtlDocumentController.swift in Sources */ = {isa = PBXBuildFile; fileRef = 7BD12DD51EE6C45E0017D6A8 /* MovUtlDocumentController.swift */; };
		7BE4CB311EE85555003303B1 /* OpenGL.framework in Frameworks */ = {isa = PBXBuildFile; fileRef = 7BD12DC61EE6C1BD0017D6A8 /* OpenGL.framework */; };
		7BE7A6A11EF1808800AEBE30 /* TimeLineLayerLineView.swift in Sources */ = {isa = PBXBuildFile; fileRef = 7BE7A6A01EF1808800AEBE30 /* TimeLineLayerLineView.swift */; };
/* End PBXBuildFile section */

/* Begin PBXFileReference section */
		7B0109231EEECC8C0058D3E1 /* MovieFactory.swift */ = {isa = PBXFileReference; fileEncoding = 4; lastKnownFileType = sourcecode.swift; path = MovieFactory.swift; sourceTree = "<group>"; };
		7B10B46B1EEBC7010014020A /* TimeLineRulerView.swift */ = {isa = PBXFileReference; fileEncoding = 4; lastKnownFileType = sourcecode.swift; path = TimeLineRulerView.swift; sourceTree = "<group>"; };
		7B10B4781EEC246F0014020A /* ProjectData.swift */ = {isa = PBXFileReference; fileEncoding = 4; lastKnownFileType = sourcecode.swift; path = ProjectData.swift; sourceTree = "<group>"; };
		7B10B47A1EEC34B10014020A /* MainWindowController.swift */ = {isa = PBXFileReference; fileEncoding = 4; lastKnownFileType = sourcecode.swift; path = MainWindowController.swift; sourceTree = "<group>"; };
		7B240BB71EE82836001F2500 /* EditView.swift */ = {isa = PBXFileReference; fileEncoding = 4; lastKnownFileType = sourcecode.swift; path = EditView.swift; sourceTree = "<group>"; };
		7B851F491F74D2260033742F /* PropertyCheckboxView.xib */ = {isa = PBXFileReference; lastKnownFileType = file.xib; path = PropertyCheckboxView.xib; sourceTree = "<group>"; };
		7BB993A61F5BB4AC0086C0A6 /* PropertyView.swift */ = {isa = PBXFileReference; fileEncoding = 4; lastKnownFileType = sourcecode.swift; path = PropertyView.swift; sourceTree = "<group>"; };
		7BB993AA1F5BB6D40086C0A6 /* PropertyValueView.xib */ = {isa = PBXFileReference; fileEncoding = 4; lastKnownFileType = file.xib; path = PropertyValueView.xib; sourceTree = "<group>"; };
		7BB993AC1F5BB7880086C0A6 /* PropertyColorView.xib */ = {isa = PBXFileReference; fileEncoding = 4; lastKnownFileType = file.xib; path = PropertyColorView.xib; sourceTree = "<group>"; };
		7BB993AE1F5BB8CA0086C0A6 /* PropertyFileReferenceView.xib */ = {isa = PBXFileReference; fileEncoding = 4; lastKnownFileType = file.xib; path = PropertyFileReferenceView.xib; sourceTree = "<group>"; };
		7BB993B01F5BB9400086C0A6 /* PropertyTextFieldView.xib */ = {isa = PBXFileReference; fileEncoding = 4; lastKnownFileType = file.xib; path = PropertyTextFieldView.xib; sourceTree = "<group>"; };
		7BB993B21F5BB9D30086C0A6 /* PropertyBezierValueControllerWindow.xib */ = {isa = PBXFileReference; fileEncoding = 4; lastKnownFileType = file.xib; path = PropertyBezierValueControllerWindow.xib; sourceTree = "<group>"; };
		7BD12DAC1EE6C0E50017D6A8 /* MovUtl.app */ = {isa = PBXFileReference; explicitFileType = wrapper.application; includeInIndex = 0; path = MovUtl.app; sourceTree = BUILT_PRODUCTS_DIR; };
		7BD12DAF1EE6C0E50017D6A8 /* AppDelegate.swift */ = {isa = PBXFileReference; lastKnownFileType = sourcecode.swift; path = AppDelegate.swift; sourceTree = "<group>"; };
		7BD12DB11EE6C0E50017D6A8 /* ViewController.swift */ = {isa = PBXFileReference; lastKnownFileType = sourcecode.swift; path = ViewController.swift; sourceTree = "<group>"; };
		7BD12DB31EE6C0E50017D6A8 /* Document.swift */ = {isa = PBXFileReference; lastKnownFileType = sourcecode.swift; path = Document.swift; sourceTree = "<group>"; };
		7BD12DB51EE6C0E50017D6A8 /* Assets.xcassets */ = {isa = PBXFileReference; lastKnownFileType = folder.assetcatalog; path = Assets.xcassets; sourceTree = "<group>"; };
		7BD12DB81EE6C0E50017D6A8 /* Base */ = {isa = PBXFileReference; lastKnownFileType = file.storyboard; name = Base; path = Base.lproj/Main.storyboard; sourceTree = "<group>"; };
		7BD12DBA1EE6C0E50017D6A8 /* Info.plist */ = {isa = PBXFileReference; lastKnownFileType = text.plist.xml; path = Info.plist; sourceTree = "<group>"; };
		7BD12DC21EE6C1660017D6A8 /* TimeLineObject.swift */ = {isa = PBXFileReference; fileEncoding = 4; lastKnownFileType = sourcecode.swift; path = TimeLineObject.swift; sourceTree = "<group>"; };
		7BD12DC51EE6C1BD0017D6A8 /* OpenAL.framework */ = {isa = PBXFileReference; lastKnownFileType = wrapper.framework; name = OpenAL.framework; path = System/Library/Frameworks/OpenAL.framework; sourceTree = SDKROOT; };
		7BD12DC61EE6C1BD0017D6A8 /* OpenGL.framework */ = {isa = PBXFileReference; lastKnownFileType = wrapper.framework; name = OpenGL.framework; path = System/Library/Frameworks/OpenGL.framework; sourceTree = SDKROOT; };
		7BD12DC91EE6C1DA0017D6A8 /* CoreAudio.framework */ = {isa = PBXFileReference; lastKnownFileType = wrapper.framework; name = CoreAudio.framework; path = System/Library/Frameworks/CoreAudio.framework; sourceTree = SDKROOT; };
		7BD12DCA1EE6C1DA0017D6A8 /* CoreGraphics.framework */ = {isa = PBXFileReference; lastKnownFileType = wrapper.framework; name = CoreGraphics.framework; path = System/Library/Frameworks/CoreGraphics.framework; sourceTree = SDKROOT; };
		7BD12DCB1EE6C1DA0017D6A8 /* CoreText.framework */ = {isa = PBXFileReference; lastKnownFileType = wrapper.framework; name = CoreText.framework; path = System/Library/Frameworks/CoreText.framework; sourceTree = SDKROOT; };
		7BD12DCC1EE6C1DA0017D6A8 /* QuartzCore.framework */ = {isa = PBXFileReference; lastKnownFileType = wrapper.framework; name = QuartzCore.framework; path = System/Library/Frameworks/QuartzCore.framework; sourceTree = SDKROOT; };
		7BD12DD11EE6C1E10017D6A8 /* AVFoundation.framework */ = {isa = PBXFileReference; lastKnownFileType = wrapper.framework; name = AVFoundation.framework; path = System/Library/Frameworks/AVFoundation.framework; sourceTree = SDKROOT; };
		7BD12DD21EE6C1E10017D6A8 /* AVKit.framework */ = {isa = PBXFileReference; lastKnownFileType = wrapper.framework; name = AVKit.framework; path = System/Library/Frameworks/AVKit.framework; sourceTree = SDKROOT; };
		7BD12DD51EE6C45E0017D6A8 /* MovUtlDocumentController.swift */ = {isa = PBXFileReference; fileEncoding = 4; lastKnownFileType = sourcecode.swift; path = MovUtlDocumentController.swift; sourceTree = "<group>"; };
		7BE7A6A01EF1808800AEBE30 /* TimeLineLayerLineView.swift */ = {isa = PBXFileReference; fileEncoding = 4; lastKnownFileType = sourcecode.swift; path = TimeLineLayerLineView.swift; sourceTree = "<group>"; };
/* End PBXFileReference section */

/* Begin PBXFrameworksBuildPhase section */
		7BD12DA91EE6C0E50017D6A8 /* Frameworks */ = {
			isa = PBXFrameworksBuildPhase;
			buildActionMask = 2147483647;
			files = (
				7BE4CB311EE85555003303B1 /* OpenGL.framework in Frameworks */,
				7BD12DD31EE6C1E10017D6A8 /* AVFoundation.framework in Frameworks */,
				7BD12DD41EE6C1E10017D6A8 /* AVKit.framework in Frameworks */,
				7BD12DCD1EE6C1DA0017D6A8 /* CoreAudio.framework in Frameworks */,
				7BD12DCE1EE6C1DA0017D6A8 /* CoreGraphics.framework in Frameworks */,
				7BD12DCF1EE6C1DA0017D6A8 /* CoreText.framework in Frameworks */,
				7BD12DD01EE6C1DA0017D6A8 /* QuartzCore.framework in Frameworks */,
			);
			runOnlyForDeploymentPostprocessing = 0;
		};
/* End PBXFrameworksBuildPhase section */

/* Begin PBXGroup section */
		7B10B46F1EEBEABF0014020A /* TimeLine Views */ = {
			isa = PBXGroup;
			children = (
				7B10B46B1EEBC7010014020A /* TimeLineRulerView.swift */,
				7BE7A6A01EF1808800AEBE30 /* TimeLineLayerLineView.swift */,
			);
			name = "TimeLine Views";
			sourceTree = "<group>";
		};
		7BB993A51F5BB42B0086C0A6 /* Property Views */ = {
			isa = PBXGroup;
			children = (
				7BB993A61F5BB4AC0086C0A6 /* PropertyView.swift */,
				7B851F491F74D2260033742F /* PropertyCheckboxView.xib */,
				7BB993AA1F5BB6D40086C0A6 /* PropertyValueView.xib */,
				7BB993AC1F5BB7880086C0A6 /* PropertyColorView.xib */,
				7BB993AE1F5BB8CA0086C0A6 /* PropertyFileReferenceView.xib */,
				7BB993B01F5BB9400086C0A6 /* PropertyTextFieldView.xib */,
				7BB993B21F5BB9D30086C0A6 /* PropertyBezierValueControllerWindow.xib */,
			);
			name = "Property Views";
			sourceTree = "<group>";
		};
		7BD12DA31EE6C0E40017D6A8 = {
			isa = PBXGroup;
			children = (
				7BD12DAE1EE6C0E50017D6A8 /* MovUtl */,
				7BD12DAD1EE6C0E50017D6A8 /* Products */,
				7BD12DC41EE6C1BD0017D6A8 /* Frameworks */,
			);
			sourceTree = "<group>";
		};
		7BD12DAD1EE6C0E50017D6A8 /* Products */ = {
			isa = PBXGroup;
			children = (
				7BD12DAC1EE6C0E50017D6A8 /* MovUtl.app */,
			);
			name = Products;
			sourceTree = "<group>";
		};
		7BD12DAE1EE6C0E50017D6A8 /* MovUtl */ = {
			isa = PBXGroup;
			children = (
				7BB993A51F5BB42B0086C0A6 /* Property Views */,
				7BD12DAF1EE6C0E50017D6A8 /* AppDelegate.swift */,
				7BD12DB11EE6C0E50017D6A8 /* ViewController.swift */,
				7BD12DB31EE6C0E50017D6A8 /* Document.swift */,
				7B10B47A1EEC34B10014020A /* MainWindowController.swift */,
				7B10B4781EEC246F0014020A /* ProjectData.swift */,
				7B240BB71EE82836001F2500 /* EditView.swift */,
				7BD12DD51EE6C45E0017D6A8 /* MovUtlDocumentController.swift */,
				7BD12DC21EE6C1660017D6A8 /* TimeLineObject.swift */,
				7B0109231EEECC8C0058D3E1 /* MovieFactory.swift */,
				7BD12DB51EE6C0E50017D6A8 /* Assets.xcassets */,
				7BD12DB71EE6C0E50017D6A8 /* Main.storyboard */,
				7B10B46F1EEBEABF0014020A /* TimeLine Views */,
				7BD12DBA1EE6C0E50017D6A8 /* Info.plist */,
			);
			path = MovUtl;
			sourceTree = "<group>";
		};
		7BD12DC41EE6C1BD0017D6A8 /* Frameworks */ = {
			isa = PBXGroup;
			children = (
				7BD12DD11EE6C1E10017D6A8 /* AVFoundation.framework */,
				7BD12DD21EE6C1E10017D6A8 /* AVKit.framework */,
				7BD12DC91EE6C1DA0017D6A8 /* CoreAudio.framework */,
				7BD12DCA1EE6C1DA0017D6A8 /* CoreGraphics.framework */,
				7BD12DCB1EE6C1DA0017D6A8 /* CoreText.framework */,
				7BD12DCC1EE6C1DA0017D6A8 /* QuartzCore.framework */,
				7BD12DC51EE6C1BD0017D6A8 /* OpenAL.framework */,
				7BD12DC61EE6C1BD0017D6A8 /* OpenGL.framework */,
			);
			name = Frameworks;
			sourceTree = "<group>";
		};
/* End PBXGroup section */

/* Begin PBXNativeTarget section */
		7BD12DAB1EE6C0E50017D6A8 /* MovUtl */ = {
			isa = PBXNativeTarget;
			buildConfigurationList = 7BD12DBD1EE6C0E50017D6A8 /* Build configuration list for PBXNativeTarget "MovUtl" */;
			buildPhases = (
				7BD12DA81EE6C0E50017D6A8 /* Sources */,
				7BD12DA91EE6C0E50017D6A8 /* Frameworks */,
				7BD12DAA1EE6C0E50017D6A8 /* Resources */,
			);
			buildRules = (
			);
			dependencies = (
			);
			name = MovUtl;
			productName = MovUtl;
			productReference = 7BD12DAC1EE6C0E50017D6A8 /* MovUtl.app */;
			productType = "com.apple.product-type.application";
		};
/* End PBXNativeTarget section */

/* Begin PBXProject section */
		7BD12DA41EE6C0E40017D6A8 /* Project object */ = {
			isa = PBXProject;
			attributes = {
				LastSwiftUpdateCheck = 0830;
				LastUpgradeCheck = 0900;
				ORGANIZATIONNAME = "Kanda Ryosuke";
				TargetAttributes = {
					7BD12DAB1EE6C0E50017D6A8 = {
						CreatedOnToolsVersion = 8.3.2;
						DevelopmentTeam = 26V3M32637;
						LastSwiftMigration = 0900;
						ProvisioningStyle = Automatic;
					};
				};
			};
			buildConfigurationList = 7BD12DA71EE6C0E50017D6A8 /* Build configuration list for PBXProject "MovUtl" */;
			compatibilityVersion = "Xcode 3.2";
			developmentRegion = English;
			hasScannedForEncodings = 0;
			knownRegions = (
				en,
				Base,
			);
			mainGroup = 7BD12DA31EE6C0E40017D6A8;
			productRefGroup = 7BD12DAD1EE6C0E50017D6A8 /* Products */;
			projectDirPath = "";
			projectRoot = "";
			targets = (
				7BD12DAB1EE6C0E50017D6A8 /* MovUtl */,
			);
		};
/* End PBXProject section */

/* Begin PBXResourcesBuildPhase section */
		7BD12DAA1EE6C0E50017D6A8 /* Resources */ = {
			isa = PBXResourcesBuildPhase;
			buildActionMask = 2147483647;
			files = (
				7B851F4A1F74D2260033742F /* PropertyCheckboxView.xib in Resources */,
				7BD12DB61EE6C0E50017D6A8 /* Assets.xcassets in Resources */,
				7BD12DB91EE6C0E50017D6A8 /* Main.storyboard in Resources */,
				7BB993B31F5BB9D30086C0A6 /* PropertyBezierValueControllerWindow.xib in Resources */,
				7BB993AD1F5BB7880086C0A6 /* PropertyColorView.xib in Resources */,
				7BB993AF1F5BB8CA0086C0A6 /* PropertyFileReferenceView.xib in Resources */,
				7BB993B11F5BB9400086C0A6 /* PropertyTextFieldView.xib in Resources */,
				7BB993AB1F5BB6D40086C0A6 /* PropertyValueView.xib in Resources */,
			);
			runOnlyForDeploymentPostprocessing = 0;
		};
/* End PBXResourcesBuildPhase section */

/* Begin PBXSourcesBuildPhase section */
		7BD12DA81EE6C0E50017D6A8 /* Sources */ = {
			isa = PBXSourcesBuildPhase;
			buildActionMask = 2147483647;
			files = (
				7B0109241EEECC8C0058D3E1 /* MovieFactory.swift in Sources */,
				7B10B46C1EEBC7010014020A /* TimeLineRulerView.swift in Sources */,
				7BD12DC31EE6C1660017D6A8 /* TimeLineObject.swift in Sources */,
				7BD12DD61EE6C45E0017D6A8 /* MovUtlDocumentController.swift in Sources */,
				7B240BB81EE82836001F2500 /* EditView.swift in Sources */,
				7BD12DB21EE6C0E50017D6A8 /* ViewController.swift in Sources */,
				7BD12DB01EE6C0E50017D6A8 /* AppDelegate.swift in Sources */,
				7BE7A6A11EF1808800AEBE30 /* TimeLineLayerLineView.swift in Sources */,
				7BD12DB41EE6C0E50017D6A8 /* Document.swift in Sources */,
				7BB993A71F5BB4AC0086C0A6 /* PropertyView.swift in Sources */,
				7B10B4791EEC246F0014020A /* ProjectData.swift in Sources */,
				7B10B47B1EEC34B10014020A /* MainWindowController.swift in Sources */,
			);
			runOnlyForDeploymentPostprocessing = 0;
		};
/* End PBXSourcesBuildPhase section */

/* Begin PBXVariantGroup section */
		7BD12DB71EE6C0E50017D6A8 /* Main.storyboard */ = {
			isa = PBXVariantGroup;
			children = (
				7BD12DB81EE6C0E50017D6A8 /* Base */,
			);
			name = Main.storyboard;
			sourceTree = "<group>";
		};
/* End PBXVariantGroup section */

/* Begin XCBuildConfiguration section */
		7BD12DBB1EE6C0E50017D6A8 /* Debug */ = {
			isa = XCBuildConfiguration;
			buildSettings = {
				ALWAYS_SEARCH_USER_PATHS = NO;
				CLANG_ANALYZER_NONNULL = YES;
				CLANG_ANALYZER_NUMBER_OBJECT_CONVERSION = YES_AGGRESSIVE;
				CLANG_CXX_LANGUAGE_STANDARD = "gnu++0x";
				CLANG_CXX_LIBRARY = "libc++";
				CLANG_ENABLE_MODULES = YES;
				CLANG_ENABLE_OBJC_ARC = YES;
				CLANG_WARN_BLOCK_CAPTURE_AUTORELEASING = YES;
				CLANG_WARN_BOOL_CONVERSION = YES;
				CLANG_WARN_COMMA = YES;
				CLANG_WARN_CONSTANT_CONVERSION = YES;
				CLANG_WARN_DIRECT_OBJC_ISA_USAGE = YES_ERROR;
				CLANG_WARN_DOCUMENTATION_COMMENTS = YES;
				CLANG_WARN_EMPTY_BODY = YES;
				CLANG_WARN_ENUM_CONVERSION = YES;
				CLANG_WARN_INFINITE_RECURSION = YES;
				CLANG_WARN_INT_CONVERSION = YES;
				CLANG_WARN_NON_LITERAL_NULL_CONVERSION = YES;
				CLANG_WARN_OBJC_LITERAL_CONVERSION = YES;
				CLANG_WARN_OBJC_ROOT_CLASS = YES_ERROR;
				CLANG_WARN_RANGE_LOOP_ANALYSIS = YES;
				CLANG_WARN_STRICT_PROTOTYPES = YES;
				CLANG_WARN_SUSPICIOUS_MOVE = YES;
				CLANG_WARN_UNREACHABLE_CODE = YES;
				CLANG_WARN__DUPLICATE_METHOD_MATCH = YES;
				CODE_SIGN_IDENTITY = "-";
				COPY_PHASE_STRIP = NO;
				DEBUG_INFORMATION_FORMAT = dwarf;
				ENABLE_STRICT_OBJC_MSGSEND = YES;
				ENABLE_TESTABILITY = YES;
				GCC_C_LANGUAGE_STANDARD = gnu99;
				GCC_DYNAMIC_NO_PIC = NO;
				GCC_NO_COMMON_BLOCKS = YES;
				GCC_OPTIMIZATION_LEVEL = 0;
				GCC_PREPROCESSOR_DEFINITIONS = (
					"DEBUG=1",
					"$(inherited)",
				);
				GCC_WARN_64_TO_32_BIT_CONVERSION = YES;
				GCC_WARN_ABOUT_RETURN_TYPE = YES_ERROR;
				GCC_WARN_UNDECLARED_SELECTOR = YES;
				GCC_WARN_UNINITIALIZED_AUTOS = YES_AGGRESSIVE;
				GCC_WARN_UNUSED_FUNCTION = YES;
				GCC_WARN_UNUSED_VARIABLE = YES;
				MACOSX_DEPLOYMENT_TARGET = 10.12;
				MTL_ENABLE_DEBUG_INFO = YES;
				ONLY_ACTIVE_ARCH = YES;
				SDKROOT = macosx;
				SWIFT_ACTIVE_COMPILATION_CONDITIONS = DEBUG;
				SWIFT_OPTIMIZATION_LEVEL = "-Onone";
			};
			name = Debug;
		};
		7BD12DBC1EE6C0E50017D6A8 /* Release */ = {
			isa = XCBuildConfiguration;
			buildSettings = {
				ALWAYS_SEARCH_USER_PATHS = NO;
				CLANG_ANALYZER_NONNULL = YES;
				CLANG_ANALYZER_NUMBER_OBJECT_CONVERSION = YES_AGGRESSIVE;
				CLANG_CXX_LANGUAGE_STANDARD = "gnu++0x";
				CLANG_CXX_LIBRARY = "libc++";
				CLANG_ENABLE_MODULES = YES;
				CLANG_ENABLE_OBJC_ARC = YES;
				CLANG_WARN_BLOCK_CAPTURE_AUTORELEASING = YES;
				CLANG_WARN_BOOL_CONVERSION = YES;
				CLANG_WARN_COMMA = YES;
				CLANG_WARN_CONSTANT_CONVERSION = YES;
				CLANG_WARN_DIRECT_OBJC_ISA_USAGE = YES_ERROR;
				CLANG_WARN_DOCUMENTATION_COMMENTS = YES;
				CLANG_WARN_EMPTY_BODY = YES;
				CLANG_WARN_ENUM_CONVERSION = YES;
				CLANG_WARN_INFINITE_RECURSION = YES;
				CLANG_WARN_INT_CONVERSION = YES;
				CLANG_WARN_NON_LITERAL_NULL_CONVERSION = YES;
				CLANG_WARN_OBJC_LITERAL_CONVERSION = YES;
				CLANG_WARN_OBJC_ROOT_CLASS = YES_ERROR;
				CLANG_WARN_RANGE_LOOP_ANALYSIS = YES;
				CLANG_WARN_STRICT_PROTOTYPES = YES;
				CLANG_WARN_SUSPICIOUS_MOVE = YES;
				CLANG_WARN_UNREACHABLE_CODE = YES;
				CLANG_WARN__DUPLICATE_METHOD_MATCH = YES;
				CODE_SIGN_IDENTITY = "-";
				COPY_PHASE_STRIP = NO;
				DEBUG_INFORMATION_FORMAT = "dwarf-with-dsym";
				ENABLE_NS_ASSERTIONS = NO;
				ENABLE_STRICT_OBJC_MSGSEND = YES;
				GCC_C_LANGUAGE_STANDARD = gnu99;
				GCC_NO_COMMON_BLOCKS = YES;
				GCC_WARN_64_TO_32_BIT_CONVERSION = YES;
				GCC_WARN_ABOUT_RETURN_TYPE = YES_ERROR;
				GCC_WARN_UNDECLARED_SELECTOR = YES;
				GCC_WARN_UNINITIALIZED_AUTOS = YES_AGGRESSIVE;
				GCC_WARN_UNUSED_FUNCTION = YES;
				GCC_WARN_UNUSED_VARIABLE = YES;
				MACOSX_DEPLOYMENT_TARGET = 10.12;
				MTL_ENABLE_DEBUG_INFO = NO;
				SDKROOT = macosx;
				SWIFT_OPTIMIZATION_LEVEL = "-Owholemodule";
			};
			name = Release;
		};
		7BD12DBE1EE6C0E50017D6A8 /* Debug */ = {
			isa = XCBuildConfiguration;
			buildSettings = {
				ASSETCATALOG_COMPILER_APPICON_NAME = AppIcon;
				CODE_SIGN_IDENTITY = "Mac Developer";
				COMBINE_HIDPI_IMAGES = YES;
				DEVELOPMENT_TEAM = 26V3M32637;
				INFOPLIST_FILE = MovUtl/Info.plist;
				LD_RUNPATH_SEARCH_PATHS = "$(inherited) @executable_path/../Frameworks";
				PRODUCT_BUNDLE_IDENTIFIER = rkeclair.MovUtl;
				PRODUCT_NAME = "$(TARGET_NAME)";
				PROVISIONING_PROFILE_SPECIFIER = "";
				SWIFT_SWIFT3_OBJC_INFERENCE = On;
				SWIFT_VERSION = 4.0;
			};
			name = Debug;
		};
		7BD12DBF1EE6C0E50017D6A8 /* Release */ = {
			isa = XCBuildConfiguration;
			buildSettings = {
				ASSETCATALOG_COMPILER_APPICON_NAME = AppIcon;
				CODE_SIGN_IDENTITY = "Mac Developer";
				COMBINE_HIDPI_IMAGES = YES;
				DEVELOPMENT_TEAM = 26V3M32637;
				INFOPLIST_FILE = MovUtl/Info.plist;
				LD_RUNPATH_SEARCH_PATHS = "$(inherited) @executable_path/../Frameworks";
				PRODUCT_BUNDLE_IDENTIFIER = rkeclair.MovUtl;
				PRODUCT_NAME = "$(TARGET_NAME)";
				PROVISIONING_PROFILE_SPECIFIER = "";
				SWIFT_SWIFT3_OBJC_INFERENCE = On;
				SWIFT_VERSION = 4.0;
			};
			name = Release;
		};
/* End XCBuildConfiguration section */

/* Begin XCConfigurationList section */
		7BD12DA71EE6C0E50017D6A8 /* Build configuration list for PBXProject "MovUtl" */ = {
			isa = XCConfigurationList;
			buildConfigurations = (
				7BD12DBB1EE6C0E50017D6A8 /* Debug */,
				7BD12DBC1EE6C0E50017D6A8 /* Release */,
			);
			defaultConfigurationIsVisible = 0;
			defaultConfigurationName = Release;
		};
		7BD12DBD1EE6C0E50017D6A8 /* Build configuration list for PBXNativeTarget "MovUtl" */ = {
			isa = XCConfigurationList;
			buildConfigurations = (
				7BD12DBE1EE6C0E50017D6A8 /* Debug */,
				7BD12DBF1EE6C0E50017D6A8 /* Release */,
			);
			defaultConfigurationIsVisible = 0;
			defaultConfigurationName = Release;
		};
/* End XCConfigurationList section */
	};
	rootObject = 7BD12DA41EE6C0E40017D6A8 /* Project object */;
}
